{
  "name": "js",
  "lockfileVersion": 2,
  "requires": true,
  "packages": {
    "": {
      "dependencies": {
        "c-tokenizer": "^1.0.0"
      }
    },
    "node_modules/c-tokenizer": {
      "version": "1.0.0",
      "resolved": "https://registry.npmjs.org/c-tokenizer/-/c-tokenizer-1.0.0.tgz",
      "integrity": "sha1-GepH5MIJHZZSjLZEvrGz0B9FEqM=",
      "dependencies": {
        "tokenizer": "~1.1.2"
      }
    },
    "node_modules/disect": {
      "version": "1.1.1",
      "resolved": "https://registry.npmjs.org/disect/-/disect-1.1.1.tgz",
      "integrity": "sha1-srUg+rcgq+2D7BpB9hl59PMYrKc="
    },
    "node_modules/tokenizer": {
      "version": "1.1.2",
      "resolved": "https://registry.npmjs.org/tokenizer/-/tokenizer-1.1.2.tgz",
      "integrity": "sha1-AFi9wimv+u0FspMzZ1zPU+rjT10=",
      "dependencies": {
        "disect": "~1.1.0"
      },
      "engines": {
        "node": "0.10.x"
      }
    }
  },
  "dependencies": {
    "c-tokenizer": {
      "version": "1.0.0",
      "resolved": "https://registry.npmjs.org/c-tokenizer/-/c-tokenizer-1.0.0.tgz",
      "integrity": "sha1-GepH5MIJHZZSjLZEvrGz0B9FEqM=",
      "requires": {
        "tokenizer": "~1.1.2"
      }
    },
    "disect": {
      "version": "1.1.1",
      "resolved": "https://registry.npmjs.org/disect/-/disect-1.1.1.tgz",
      "integrity": "sha1-srUg+rcgq+2D7BpB9hl59PMYrKc="
    },
    "tokenizer": {
      "version": "1.1.2",
      "resolved": "https://registry.npmjs.org/tokenizer/-/tokenizer-1.1.2.tgz",
      "integrity": "sha1-AFi9wimv+u0FspMzZ1zPU+rjT10=",
      "requires": {
        "disect": "~1.1.0"
      }
    }
  }
}
